
Microsoft Visual Studio Solution File, Format Version 12.00
# Visual Studio Version 17
VisualStudioVersion = 17.9.34723.18
MinimumVisualStudioVersion = 10.0.40219.1
Project("{FAE04EC0-301F-11D3-BF4B-00C04F79EFBC}") = "Assessment_1", "Assessment_1\Assessment_1.csproj", "{8DFE662A-9110-4C86-B98D-A03643D747FF}"
EndProject
Global
	GlobalSection(SolutionConfigurationPlatforms) = preSolution
		Debug|Any CPU = Debug|Any CPU
		Release|Any CPU = Release|Any CPU
	EndGlobalSection
	GlobalSection(ProjectConfigurationPlatforms) = postSolution
		{8DFE662A-9110-4C86-B98D-A03643D747FF}.Debug|Any CPU.ActiveCfg = Debug|Any CPU
		{8DFE662A-9110-4C86-B98D-A03643D747FF}.Debug|Any CPU.Build.0 = Debug|Any CPU
		{8DFE662A-9110-4C86-B98D-A03643D747FF}.Release|Any CPU.ActiveCfg = Release|Any CPU
		{8DFE662A-9110-4C86-B98D-A03643D747FF}.Release|Any CPU.Build.0 = Release|Any CPU
	EndGlobalSection
	GlobalSection(SolutionProperties) = preSolution
		HideSolutionNode = FALSE
	EndGlobalSection
	GlobalSection(ExtensibilityGlobals) = postSolution
		SolutionGuid = {D733433F-0F6D-4421-A0CB-447EEC4D89B3}
	EndGlobalSection
EndGlobal
